
Microsoft Visual Studio Solution File, Format Version 12.00
# Visual Studio Version 17
VisualStudioVersion = 17.1.32421.90
MinimumVisualStudioVersion = 10.0.40219.1
Project("{FAE04EC0-301F-11D3-BF4B-00C04F79EFBC}") = "FileMonitor", "FileMonitor\FileMonitor.csproj", "{31D14368-253A-4ED0-9CE4-D005C81051E4}"
EndProject
Global
	GlobalSection(SolutionConfigurationPlatforms) = preSolution
		Debug|Any CPU = Debug|Any CPU
		Release|Any CPU = Release|Any CPU
	EndGlobalSection
	GlobalSection(ProjectConfigurationPlatforms) = postSolution
		{31D14368-253A-4ED0-9CE4-D005C81051E4}.Debug|Any CPU.ActiveCfg = Debug|Any CPU
		{31D14368-253A-4ED0-9CE4-D005C81051E4}.Debug|Any CPU.Build.0 = Debug|Any CPU
		{31D14368-253A-4ED0-9CE4-D005C81051E4}.Release|Any CPU.ActiveCfg = Release|Any CPU
		{31D14368-253A-4ED0-9CE4-D005C81051E4}.Release|Any CPU.Build.0 = Release|Any CPU
	EndGlobalSection
	GlobalSection(SolutionProperties) = preSolution
		HideSolutionNode = FALSE
	EndGlobalSection
	GlobalSection(ExtensibilityGlobals) = postSolution
		SolutionGuid = {2C179D44-AC0A-430A-8C1F-3EFCE81A37F4}
	EndGlobalSection
EndGlobal
